<?xml version="1.0" encoding="utf-8"?>
<Project ToolsVersion="4.0" xmlns="http://schemas.microsoft.com/developer/msbuild/2003">
  <ItemGroup>
    <Filter Include="源文件">
      <UniqueIdentifier>{4FC737F1-C7A5-4376-A066-2A32D752A2FF}</UniqueIdentifier>
      <Extensions>cpp;c;cc;cxx;def;odl;idl;hpj;bat;asm;asmx</Extensions>
    </Filter>
    <Filter Include="头文件">
      <UniqueIdentifier>{93995380-89BD-4b04-88EB-625FBE52EBFB}</UniqueIdentifier>
      <Extensions>h;hpp;hxx;hm;inl;inc;xsd</Extensions>
    </Filter>
    <Filter Include="资源文件">
      <UniqueIdentifier>{67DA6AB6-F800-4c08-8B7A-83BB121AAD01}</UniqueIdentifier>
      <Extensions>rc;ico;cur;bmp;dlg;rc2;rct;bin;rgs;gif;jpg;jpeg;jpe;resx;tiff;tif;png;wav;mfcribbon-ms</Extensions>
    </Filter>
  </ItemGroup>
  <ItemGroup>
    <ClInclude Include="SQLiteCpp\Assertion.h">
      <Filter>头文件</Filter>
    </ClInclude>
    <ClInclude Include="SQLiteCpp\Column.h">
      <Filter>头文件</Filter>
    </ClInclude>
    <ClInclude Include="SQLiteCpp\Database.h">
      <Filter>头文件</Filter>
    </ClInclude>
    <ClInclude Include="SQLiteCpp\Exception.h">
      <Filter>头文件</Filter>
    </ClInclude>
    <ClInclude Include="SQLiteCpp\SQLiteCpp.h">
      <Filter>头文件</Filter>
    </ClInclude>
    <ClInclude Include="SQLiteCpp\Statement.h">
      <Filter>头文件</Filter>
    </ClInclude>
    <ClInclude Include="SQLiteCpp\Transaction.h">
      <Filter>头文件</Filter>
    </ClInclude>
    <ClInclude Include="sqlite\sqlite3.h">
      <Filter>头文件</Filter>
    </ClInclude>
    <ClInclude Include="Data\EmployeeData.h">
      <Filter>头文件</Filter>
    </ClInclude>
    <ClInclude Include="Storage\Storage.h">
      <Filter>头文件</Filter>
    </ClInclude>
    <ClInclude Include="Page\AddEmployeePage.h">
      <Filter>头文件</Filter>
    </ClInclude>
    <ClInclude Include="Page\HRPage.h">
      <Filter>头文件</Filter>
    </ClInclude>
    <ClInclude Include="Page\Login.h">
      <Filter>头文件</Filter>
    </ClInclude>
    <ClInclude Include="Page\MainPage.h">
      <Filter>头文件</Filter>
    </ClInclude>
    <ClInclude Include="Page\queryEmployeePage.h">
      <Filter>头文件</Filter>
    </ClInclude>
    <ClInclude Include="Page\salaryManagePage.h">
      <Filter>头文件</Filter>
    </ClInclude>
    <ClInclude Include="Data\UserData.h">
      <Filter>头文件</Filter>
    </ClInclude>
    <ClInclude Include="Data\SalaryType.h">
      <Filter>头文件</Filter>
    </ClInclude>
    <ClInclude Include="Page\salaryDisplayPage.h">
      <Filter>头文件</Filter>
    </ClInclude>
    <ClInclude Include="Page\ShouldAddAndSubPage.h">
      <Filter>头文件</Filter>
    </ClInclude>
    <ClInclude Include="Data\AlterationData.h">
      <Filter>头文件</Filter>
    </ClInclude>
  </ItemGroup>
  <ItemGroup>
    <ClCompile Include="SQLiteCpp\Column.cpp">
      <Filter>源文件</Filter>
    </ClCompile>
    <ClCompile Include="SQLiteCpp\Database.cpp">
      <Filter>源文件</Filter>
    </ClCompile>
    <ClCompile Include="SQLiteCpp\Statement.cpp">
      <Filter>源文件</Filter>
    </ClCompile>
    <ClCompile Include="SQLiteCpp\Transaction.cpp">
      <Filter>源文件</Filter>
    </ClCompile>
    <ClCompile Include="sqlite\sqlite3.c">
      <Filter>源文件</Filter>
    </ClCompile>
    <ClCompile Include="Data\EmployeeData.cpp">
      <Filter>源文件</Filter>
    </ClCompile>
    <ClCompile Include="Storage\Storage.cpp">
      <Filter>源文件</Filter>
    </ClCompile>
    <ClCompile Include="Page\AddEmployeePage.cpp">
      <Filter>源文件</Filter>
    </ClCompile>
    <ClCompile Include="Page\HRPage.cpp">
      <Filter>源文件</Filter>
    </ClCompile>
    <ClCompile Include="Page\Login.cpp">
      <Filter>源文件</Filter>
    </ClCompile>
    <ClCompile Include="Page\MainPage.cpp">
      <Filter>源文件</Filter>
    </ClCompile>
    <ClCompile Include="Page\queryEmployeePage.cxx">
      <Filter>源文件</Filter>
    </ClCompile>
    <ClCompile Include="Page\salaryManagePage.cxx">
      <Filter>源文件</Filter>
    </ClCompile>
    <ClCompile Include="Data\UserData.cpp">
      <Filter>源文件</Filter>
    </ClCompile>
    <ClCompile Include="entry.cpp">
      <Filter>源文件</Filter>
    </ClCompile>
    <ClCompile Include="Data\SalaryType.cpp">
      <Filter>源文件</Filter>
    </ClCompile>
    <ClCompile Include="Page\salaryDisplayPage.cxx">
      <Filter>源文件</Filter>
    </ClCompile>
    <ClCompile Include="Page\ShouldAddAndSubPage.cxx">
      <Filter>源文件</Filter>
    </ClCompile>
    <ClCompile Include="Data\AlterationData.cpp">
      <Filter>源文件</Filter>
    </ClCompile>
  </ItemGroup>
</Project>